
Microsoft Visual Studio Solution File, Format Version 12.00
# Visual Studio 15
VisualStudioVersion = 15.0.26403.7
MinimumVisualStudioVersion = 10.0.40219.1
Project("{FAE04EC0-301F-11D3-BF4B-00C04F79EFBC}") = "01. Generic Box of String", "01. Generic Box of String\01. Generic Box of String.csproj", "{47A5FBFB-5E76-43E0-909B-E15A35E63C81}"
EndProject
Project("{FAE04EC0-301F-11D3-BF4B-00C04F79EFBC}") = "07. Custom List", "07. Custom List\07. Custom List.csproj", "{C1A2F818-C673-4AA8-A6C1-60CEFD444E00}"
EndProject
Project("{FAE04EC0-301F-11D3-BF4B-00C04F79EFBC}") = "10. Tuple", "10. Tuple\10. Tuple.csproj", "{74CBCECB-5E17-4CED-8973-9B06B5DF104A}"
EndProject
Global
	GlobalSection(SolutionConfigurationPlatforms) = preSolution
		Debug|Any CPU = Debug|Any CPU
		Release|Any CPU = Release|Any CPU
	EndGlobalSection
	GlobalSection(ProjectConfigurationPlatforms) = postSolution
		{47A5FBFB-5E76-43E0-909B-E15A35E63C81}.Debug|Any CPU.ActiveCfg = Debug|Any CPU
		{47A5FBFB-5E76-43E0-909B-E15A35E63C81}.Debug|Any CPU.Build.0 = Debug|Any CPU
		{47A5FBFB-5E76-43E0-909B-E15A35E63C81}.Release|Any CPU.ActiveCfg = Release|Any CPU
		{47A5FBFB-5E76-43E0-909B-E15A35E63C81}.Release|Any CPU.Build.0 = Release|Any CPU
		{C1A2F818-C673-4AA8-A6C1-60CEFD444E00}.Debug|Any CPU.ActiveCfg = Debug|Any CPU
		{C1A2F818-C673-4AA8-A6C1-60CEFD444E00}.Debug|Any CPU.Build.0 = Debug|Any CPU
		{C1A2F818-C673-4AA8-A6C1-60CEFD444E00}.Release|Any CPU.ActiveCfg = Release|Any CPU
		{C1A2F818-C673-4AA8-A6C1-60CEFD444E00}.Release|Any CPU.Build.0 = Release|Any CPU
		{74CBCECB-5E17-4CED-8973-9B06B5DF104A}.Debug|Any CPU.ActiveCfg = Debug|Any CPU
		{74CBCECB-5E17-4CED-8973-9B06B5DF104A}.Debug|Any CPU.Build.0 = Debug|Any CPU
		{74CBCECB-5E17-4CED-8973-9B06B5DF104A}.Release|Any CPU.ActiveCfg = Release|Any CPU
		{74CBCECB-5E17-4CED-8973-9B06B5DF104A}.Release|Any CPU.Build.0 = Release|Any CPU
	EndGlobalSection
	GlobalSection(SolutionProperties) = preSolution
		HideSolutionNode = FALSE
	EndGlobalSection
EndGlobal
